name: Sync package lock

on:
  pull_request:
    branches: [main]
    types: [opened, synchronize, reopened]

permissions:
  contents: write

jobs:
  sync:
    if: github.event.pull_request.head.repo.full_name == github.repository
    runs-on: ubuntu-latest
    steps:
      - name: Checkout pull request branch
        uses: actions/checkout@v4
        with:
          ref: ${{ github.event.pull_request.head.ref }}

      - name: Setup Node.js
        uses: actions/setup-node@v4
        with:
          node-version: 20
          cache: npm

      - name: Regenerate lock file
        run: npm install --package-lock-only --ignore-scripts

      - name: Commit synchronized lock file
        shell: bash
        run: |
          if git diff --quiet -- package-lock.json; then
            echo "package-lock.json is already synchronized"
            exit 0
          fi
          git config user.name "github-actions[bot]"
          git config user.email "41898282+github-actions[bot]@users.noreply.github.com"
          git add package-lock.json
          git commit -m "Synchronize Qadi Araak package lock"
          git push
